
Microsoft Visual Studio Solution File, Format Version 12.00
# Visual Studio Version 17
VisualStudioVersion = 17.7.34031.279
MinimumVisualStudioVersion = 10.0.40219.1
Project("{2150E333-8FDC-42A3-9474-1A3956D46DE8}") = "src", "src", "{27ADD3A8-34A0-4914-A40F-02D7A8AC10B4}"
EndProject
Project("{2150E333-8FDC-42A3-9474-1A3956D46DE8}") = "Solution Items", "Solution Items", "{B404B625-AE68-4254-BCB7-96FFA0A05585}"
	ProjectSection(SolutionItems) = preProject
		ServiceUrls.txt = ServiceUrls.txt
	EndProjectSection
EndProject
Project("{2150E333-8FDC-42A3-9474-1A3956D46DE8}") = "ApiGateways", "ApiGateways", "{FD69B4ED-05AB-4832-B7C1-BDE0A735026D}"
EndProject
Project("{2150E333-8FDC-42A3-9474-1A3956D46DE8}") = "BuildingBlocks", "BuildingBlocks", "{3564A7DF-00F4-4FC0-B202-08CA911212A4}"
EndProject
Project("{2150E333-8FDC-42A3-9474-1A3956D46DE8}") = "Services", "Services", "{ACDE954B-C58D-4219-881A-BD876D4500EC}"
EndProject
Project("{2150E333-8FDC-42A3-9474-1A3956D46DE8}") = "Clients", "Clients", "{BE10383E-CBC7-4343-8F20-4F277F71A16B}"
EndProject
Project("{2150E333-8FDC-42A3-9474-1A3956D46DE8}") = "WebApiGateway", "WebApiGateway", "{475439DC-1327-4565-8FA1-B6B61DDE2E46}"
EndProject
Project("{FAE04EC0-301F-11D3-BF4B-00C04F79EFBC}") = "Web.ApiGateway", "src\ApiGateway\Web.ApiGateway\Web.ApiGateway.csproj", "{5E7CC66F-97A1-41B9-8452-813817937471}"
EndProject
Project("{2150E333-8FDC-42A3-9474-1A3956D46DE8}") = "EventBus", "EventBus", "{676EAC4D-2C76-49BE-96F2-C72937741ABF}"
EndProject
Project("{FAE04EC0-301F-11D3-BF4B-00C04F79EFBC}") = "EventBus.Base", "src\BuildingBlocks\EventBus.Base\EventBus.Base.csproj", "{0844BF78-C16D-4602-AF83-72A09016FB42}"
EndProject
Project("{FAE04EC0-301F-11D3-BF4B-00C04F79EFBC}") = "EventBus.Factory", "src\BuildingBlocks\EventBus\EventBus.Factory\EventBus.Factory.csproj", "{039A36A4-F69C-4EA8-9BBB-04FDA0E39240}"
EndProject
Project("{FAE04EC0-301F-11D3-BF4B-00C04F79EFBC}") = "EventBus.AzureServiceBus", "src\BuildingBlocks\EventBus\EventBus.AzureServiceBus\EventBus.AzureServiceBus.csproj", "{A66AA5DC-256B-4733-8533-B39484B79886}"
EndProject
Project("{FAE04EC0-301F-11D3-BF4B-00C04F79EFBC}") = "EventBus.RabbitMQ", "EventBus.RabbitMQ\EventBus.RabbitMQ.csproj", "{7BA98FEF-956A-4874-950D-0B07ED353C49}"
EndProject
Project("{2150E333-8FDC-42A3-9474-1A3956D46DE8}") = "BlazorWebApp", "BlazorWebApp", "{30D1F19B-CD85-4700-8F03-AC9F76C355E0}"
EndProject
Project("{FAE04EC0-301F-11D3-BF4B-00C04F79EFBC}") = "WebApp", "src\Clients\BlazorWebApp\WebApp\WebApp.csproj", "{57A35EF1-5C87-4388-B2C2-FCFEFBD197A6}"
EndProject
Project("{2150E333-8FDC-42A3-9474-1A3956D46DE8}") = "BasketService", "BasketService", "{3E36443D-BFDC-4FE4-BE34-77BE204EAE56}"
EndProject
Project("{FAE04EC0-301F-11D3-BF4B-00C04F79EFBC}") = "BasketService.Api", "src\Services\BasketService\BasketService.Api\BasketService.Api.csproj", "{EB20B620-449C-4500-A1EF-125912C08E2D}"
EndProject
Project("{FAE04EC0-301F-11D3-BF4B-00C04F79EFBC}") = "CatalogService.Api", "src\Services\CatalogService\CatalogService.Api\CatalogService.Api.csproj", "{7BDA9319-280B-49C2-8F98-AE7DC0C29A89}"
EndProject
Project("{FAE04EC0-301F-11D3-BF4B-00C04F79EFBC}") = "IdentityService.Api", "src\Services\IdentityService\IdentityService.Api\IdentityService.Api.csproj", "{2B122741-5A46-4B40-8B1E-64D5FFDE0744}"
EndProject
Project("{2150E333-8FDC-42A3-9474-1A3956D46DE8}") = "IdentityService", "IdentityService", "{BDBD125F-E6B2-4D65-A097-65E4F90E076E}"
EndProject
Project("{2150E333-8FDC-42A3-9474-1A3956D46DE8}") = "CatalogService", "CatalogService", "{676306C1-911D-4E88-9717-E22FD60E5A77}"
EndProject
Project("{FAE04EC0-301F-11D3-BF4B-00C04F79EFBC}") = "NotificationService", "src\Services\NotificationService\NotificationService\NotificationService.csproj", "{A2EB1C44-1ECA-4EDE-99A5-793BC10E424D}"
EndProject
Project("{2150E333-8FDC-42A3-9474-1A3956D46DE8}") = "NotificationService", "NotificationService", "{555DB64D-DDE6-4980-AA8B-BF8FFB10CAB7}"
EndProject
Project("{2150E333-8FDC-42A3-9474-1A3956D46DE8}") = "OrderService", "OrderService", "{D6140D1C-B838-4A75-AA4B-83FB37427115}"
EndProject
Project("{FAE04EC0-301F-11D3-BF4B-00C04F79EFBC}") = "OrderService.Domain", "src\Services\OrderService\OrderService.Domain\OrderService.Domain.csproj", "{4F32576A-D4AC-4B45-9C70-60AC5359CA92}"
EndProject
Project("{FAE04EC0-301F-11D3-BF4B-00C04F79EFBC}") = "OrderService.Application", "src\Services\OrderService\OrderService.Application\OrderService.Application.csproj", "{56F0F718-827B-401E-9A87-C73BA2C51EE9}"
EndProject
Project("{FAE04EC0-301F-11D3-BF4B-00C04F79EFBC}") = "OrderService.Infrastructure", "src\Services\OrderService\OrderService.Infrastructure\OrderService.Infrastructure.csproj", "{B0CE3E35-9035-4959-8DB7-402654B53EC1}"
EndProject
Project("{FAE04EC0-301F-11D3-BF4B-00C04F79EFBC}") = "OrderService.Api", "src\Services\OrderService\OrderService.Api\OrderService.Api.csproj", "{BC8D2D25-1AC9-44BB-8A12-DAF4C13CD072}"
EndProject
Project("{2150E333-8FDC-42A3-9474-1A3956D46DE8}") = "PaymentService", "PaymentService", "{AB60E764-3A31-4FD6-A939-04325A33795E}"
EndProject
Project("{FAE04EC0-301F-11D3-BF4B-00C04F79EFBC}") = "PaymentService.Api", "src\Services\PaymentService\PaymentService.Api\PaymentService.Api.csproj", "{C19D94FB-6656-47E6-B85B-0F959E8DCC39}"
EndProject
Global
	GlobalSection(SolutionConfigurationPlatforms) = preSolution
		Debug|Any CPU = Debug|Any CPU
		Release|Any CPU = Release|Any CPU
	EndGlobalSection
	GlobalSection(ProjectConfigurationPlatforms) = postSolution
		{5E7CC66F-97A1-41B9-8452-813817937471}.Debug|Any CPU.ActiveCfg = Debug|Any CPU
		{5E7CC66F-97A1-41B9-8452-813817937471}.Debug|Any CPU.Build.0 = Debug|Any CPU
		{5E7CC66F-97A1-41B9-8452-813817937471}.Release|Any CPU.ActiveCfg = Release|Any CPU
		{5E7CC66F-97A1-41B9-8452-813817937471}.Release|Any CPU.Build.0 = Release|Any CPU
		{0844BF78-C16D-4602-AF83-72A09016FB42}.Debug|Any CPU.ActiveCfg = Debug|Any CPU
		{0844BF78-C16D-4602-AF83-72A09016FB42}.Debug|Any CPU.Build.0 = Debug|Any CPU
		{0844BF78-C16D-4602-AF83-72A09016FB42}.Release|Any CPU.ActiveCfg = Release|Any CPU
		{0844BF78-C16D-4602-AF83-72A09016FB42}.Release|Any CPU.Build.0 = Release|Any CPU
		{039A36A4-F69C-4EA8-9BBB-04FDA0E39240}.Debug|Any CPU.ActiveCfg = Debug|Any CPU
		{039A36A4-F69C-4EA8-9BBB-04FDA0E39240}.Debug|Any CPU.Build.0 = Debug|Any CPU
		{039A36A4-F69C-4EA8-9BBB-04FDA0E39240}.Release|Any CPU.ActiveCfg = Release|Any CPU
		{039A36A4-F69C-4EA8-9BBB-04FDA0E39240}.Release|Any CPU.Build.0 = Release|Any CPU
		{A66AA5DC-256B-4733-8533-B39484B79886}.Debug|Any CPU.ActiveCfg = Debug|Any CPU
		{A66AA5DC-256B-4733-8533-B39484B79886}.Debug|Any CPU.Build.0 = Debug|Any CPU
		{A66AA5DC-256B-4733-8533-B39484B79886}.Release|Any CPU.ActiveCfg = Release|Any CPU
		{A66AA5DC-256B-4733-8533-B39484B79886}.Release|Any CPU.Build.0 = Release|Any CPU
		{7BA98FEF-956A-4874-950D-0B07ED353C49}.Debug|Any CPU.ActiveCfg = Debug|Any CPU
		{7BA98FEF-956A-4874-950D-0B07ED353C49}.Debug|Any CPU.Build.0 = Debug|Any CPU
		{7BA98FEF-956A-4874-950D-0B07ED353C49}.Release|Any CPU.ActiveCfg = Release|Any CPU
		{7BA98FEF-956A-4874-950D-0B07ED353C49}.Release|Any CPU.Build.0 = Release|Any CPU
		{57A35EF1-5C87-4388-B2C2-FCFEFBD197A6}.Debug|Any CPU.ActiveCfg = Debug|Any CPU
		{57A35EF1-5C87-4388-B2C2-FCFEFBD197A6}.Debug|Any CPU.Build.0 = Debug|Any CPU
		{57A35EF1-5C87-4388-B2C2-FCFEFBD197A6}.Release|Any CPU.ActiveCfg = Release|Any CPU
		{57A35EF1-5C87-4388-B2C2-FCFEFBD197A6}.Release|Any CPU.Build.0 = Release|Any CPU
		{EB20B620-449C-4500-A1EF-125912C08E2D}.Debug|Any CPU.ActiveCfg = Debug|Any CPU
		{EB20B620-449C-4500-A1EF-125912C08E2D}.Debug|Any CPU.Build.0 = Debug|Any CPU
		{EB20B620-449C-4500-A1EF-125912C08E2D}.Release|Any CPU.ActiveCfg = Release|Any CPU
		{EB20B620-449C-4500-A1EF-125912C08E2D}.Release|Any CPU.Build.0 = Release|Any CPU
		{7BDA9319-280B-49C2-8F98-AE7DC0C29A89}.Debug|Any CPU.ActiveCfg = Debug|Any CPU
		{7BDA9319-280B-49C2-8F98-AE7DC0C29A89}.Debug|Any CPU.Build.0 = Debug|Any CPU
		{7BDA9319-280B-49C2-8F98-AE7DC0C29A89}.Release|Any CPU.ActiveCfg = Release|Any CPU
		{7BDA9319-280B-49C2-8F98-AE7DC0C29A89}.Release|Any CPU.Build.0 = Release|Any CPU
		{2B122741-5A46-4B40-8B1E-64D5FFDE0744}.Debug|Any CPU.ActiveCfg = Debug|Any CPU
		{2B122741-5A46-4B40-8B1E-64D5FFDE0744}.Debug|Any CPU.Build.0 = Debug|Any CPU
		{2B122741-5A46-4B40-8B1E-64D5FFDE0744}.Release|Any CPU.ActiveCfg = Release|Any CPU
		{2B122741-5A46-4B40-8B1E-64D5FFDE0744}.Release|Any CPU.Build.0 = Release|Any CPU
		{A2EB1C44-1ECA-4EDE-99A5-793BC10E424D}.Debug|Any CPU.ActiveCfg = Debug|Any CPU
		{A2EB1C44-1ECA-4EDE-99A5-793BC10E424D}.Debug|Any CPU.Build.0 = Debug|Any CPU
		{A2EB1C44-1ECA-4EDE-99A5-793BC10E424D}.Release|Any CPU.ActiveCfg = Release|Any CPU
		{A2EB1C44-1ECA-4EDE-99A5-793BC10E424D}.Release|Any CPU.Build.0 = Release|Any CPU
		{4F32576A-D4AC-4B45-9C70-60AC5359CA92}.Debug|Any CPU.ActiveCfg = Debug|Any CPU
		{4F32576A-D4AC-4B45-9C70-60AC5359CA92}.Debug|Any CPU.Build.0 = Debug|Any CPU
		{4F32576A-D4AC-4B45-9C70-60AC5359CA92}.Release|Any CPU.ActiveCfg = Release|Any CPU
		{4F32576A-D4AC-4B45-9C70-60AC5359CA92}.Release|Any CPU.Build.0 = Release|Any CPU
		{56F0F718-827B-401E-9A87-C73BA2C51EE9}.Debug|Any CPU.ActiveCfg = Debug|Any CPU
		{56F0F718-827B-401E-9A87-C73BA2C51EE9}.Debug|Any CPU.Build.0 = Debug|Any CPU
		{56F0F718-827B-401E-9A87-C73BA2C51EE9}.Release|Any CPU.ActiveCfg = Release|Any CPU
		{56F0F718-827B-401E-9A87-C73BA2C51EE9}.Release|Any CPU.Build.0 = Release|Any CPU
		{B0CE3E35-9035-4959-8DB7-402654B53EC1}.Debug|Any CPU.ActiveCfg = Debug|Any CPU
		{B0CE3E35-9035-4959-8DB7-402654B53EC1}.Debug|Any CPU.Build.0 = Debug|Any CPU
		{B0CE3E35-9035-4959-8DB7-402654B53EC1}.Release|Any CPU.ActiveCfg = Release|Any CPU
		{B0CE3E35-9035-4959-8DB7-402654B53EC1}.Release|Any CPU.Build.0 = Release|Any CPU
		{BC8D2D25-1AC9-44BB-8A12-DAF4C13CD072}.Debug|Any CPU.ActiveCfg = Debug|Any CPU
		{BC8D2D25-1AC9-44BB-8A12-DAF4C13CD072}.Debug|Any CPU.Build.0 = Debug|Any CPU
		{BC8D2D25-1AC9-44BB-8A12-DAF4C13CD072}.Release|Any CPU.ActiveCfg = Release|Any CPU
		{BC8D2D25-1AC9-44BB-8A12-DAF4C13CD072}.Release|Any CPU.Build.0 = Release|Any CPU
		{C19D94FB-6656-47E6-B85B-0F959E8DCC39}.Debug|Any CPU.ActiveCfg = Debug|Any CPU
		{C19D94FB-6656-47E6-B85B-0F959E8DCC39}.Debug|Any CPU.Build.0 = Debug|Any CPU
		{C19D94FB-6656-47E6-B85B-0F959E8DCC39}.Release|Any CPU.ActiveCfg = Release|Any CPU
		{C19D94FB-6656-47E6-B85B-0F959E8DCC39}.Release|Any CPU.Build.0 = Release|Any CPU
	EndGlobalSection
	GlobalSection(SolutionProperties) = preSolution
		HideSolutionNode = FALSE
	EndGlobalSection
	GlobalSection(NestedProjects) = preSolution
		{FD69B4ED-05AB-4832-B7C1-BDE0A735026D} = {27ADD3A8-34A0-4914-A40F-02D7A8AC10B4}
		{3564A7DF-00F4-4FC0-B202-08CA911212A4} = {27ADD3A8-34A0-4914-A40F-02D7A8AC10B4}
		{ACDE954B-C58D-4219-881A-BD876D4500EC} = {27ADD3A8-34A0-4914-A40F-02D7A8AC10B4}
		{BE10383E-CBC7-4343-8F20-4F277F71A16B} = {27ADD3A8-34A0-4914-A40F-02D7A8AC10B4}
		{475439DC-1327-4565-8FA1-B6B61DDE2E46} = {FD69B4ED-05AB-4832-B7C1-BDE0A735026D}
		{5E7CC66F-97A1-41B9-8452-813817937471} = {475439DC-1327-4565-8FA1-B6B61DDE2E46}
		{676EAC4D-2C76-49BE-96F2-C72937741ABF} = {3564A7DF-00F4-4FC0-B202-08CA911212A4}
		{0844BF78-C16D-4602-AF83-72A09016FB42} = {676EAC4D-2C76-49BE-96F2-C72937741ABF}
		{039A36A4-F69C-4EA8-9BBB-04FDA0E39240} = {676EAC4D-2C76-49BE-96F2-C72937741ABF}
		{A66AA5DC-256B-4733-8533-B39484B79886} = {676EAC4D-2C76-49BE-96F2-C72937741ABF}
		{7BA98FEF-956A-4874-950D-0B07ED353C49} = {676EAC4D-2C76-49BE-96F2-C72937741ABF}
		{30D1F19B-CD85-4700-8F03-AC9F76C355E0} = {BE10383E-CBC7-4343-8F20-4F277F71A16B}
		{57A35EF1-5C87-4388-B2C2-FCFEFBD197A6} = {30D1F19B-CD85-4700-8F03-AC9F76C355E0}
		{3E36443D-BFDC-4FE4-BE34-77BE204EAE56} = {ACDE954B-C58D-4219-881A-BD876D4500EC}
		{EB20B620-449C-4500-A1EF-125912C08E2D} = {3E36443D-BFDC-4FE4-BE34-77BE204EAE56}
		{7BDA9319-280B-49C2-8F98-AE7DC0C29A89} = {676306C1-911D-4E88-9717-E22FD60E5A77}
		{2B122741-5A46-4B40-8B1E-64D5FFDE0744} = {BDBD125F-E6B2-4D65-A097-65E4F90E076E}
		{BDBD125F-E6B2-4D65-A097-65E4F90E076E} = {ACDE954B-C58D-4219-881A-BD876D4500EC}
		{676306C1-911D-4E88-9717-E22FD60E5A77} = {ACDE954B-C58D-4219-881A-BD876D4500EC}
		{A2EB1C44-1ECA-4EDE-99A5-793BC10E424D} = {555DB64D-DDE6-4980-AA8B-BF8FFB10CAB7}
		{555DB64D-DDE6-4980-AA8B-BF8FFB10CAB7} = {ACDE954B-C58D-4219-881A-BD876D4500EC}
		{D6140D1C-B838-4A75-AA4B-83FB37427115} = {ACDE954B-C58D-4219-881A-BD876D4500EC}
		{4F32576A-D4AC-4B45-9C70-60AC5359CA92} = {D6140D1C-B838-4A75-AA4B-83FB37427115}
		{56F0F718-827B-401E-9A87-C73BA2C51EE9} = {D6140D1C-B838-4A75-AA4B-83FB37427115}
		{B0CE3E35-9035-4959-8DB7-402654B53EC1} = {D6140D1C-B838-4A75-AA4B-83FB37427115}
		{BC8D2D25-1AC9-44BB-8A12-DAF4C13CD072} = {D6140D1C-B838-4A75-AA4B-83FB37427115}
		{AB60E764-3A31-4FD6-A939-04325A33795E} = {ACDE954B-C58D-4219-881A-BD876D4500EC}
		{C19D94FB-6656-47E6-B85B-0F959E8DCC39} = {AB60E764-3A31-4FD6-A939-04325A33795E}
	EndGlobalSection
	GlobalSection(ExtensibilityGlobals) = postSolution
		SolutionGuid = {F82F4B08-1716-48BC-A8F6-DA65B44C24BC}
	EndGlobalSection
EndGlobal
